
Microsoft Visual Studio Solution File, Format Version 11.00
# Visual Studio 2010
Project("{8BC9CEB8-8B4A-11D0-8D11-00A0C91BC942}") = "HW05_uthnp", "HW05_uthnp.vcxproj", "{C043111C-28D4-4A3B-934D-8DE5430F9161}"
EndProject
Global
	GlobalSection(SolutionConfigurationPlatforms) = preSolution
		Debug|Win32 = Debug|Win32
		Release|Win32 = Release|Win32
	EndGlobalSection
	GlobalSection(ProjectConfigurationPlatforms) = postSolution
		{C043111C-28D4-4A3B-934D-8DE5430F9161}.Debug|Win32.ActiveCfg = Debug|Win32
		{C043111C-28D4-4A3B-934D-8DE5430F9161}.Debug|Win32.Build.0 = Debug|Win32
		{C043111C-28D4-4A3B-934D-8DE5430F9161}.Release|Win32.ActiveCfg = Release|Win32
		{C043111C-28D4-4A3B-934D-8DE5430F9161}.Release|Win32.Build.0 = Release|Win32
	EndGlobalSection
	GlobalSection(SolutionProperties) = preSolution
		HideSolutionNode = FALSE
	EndGlobalSection
EndGlobal
